// !$*UTF8*$!
{
	archiveVersion = 1;
	classes = {
	};
	objectVersion = 46;
	objects = {

/* Begin PBXBuildFile section */
		2ED9C4BE1B6B9F3C0050E7D7 /* AppDelegate.swift in Sources */ = {isa = PBXBuildFile; fileRef = 2ED9C4BD1B6B9F3C0050E7D7 /* AppDelegate.swift */; };
		2ED9C4C01B6B9F3C0050E7D7 /* ViewController.swift in Sources */ = {isa = PBXBuildFile; fileRef = 2ED9C4BF1B6B9F3C0050E7D7 /* ViewController.swift */; };
		2ED9C4C31B6B9F3C0050E7D7 /* Main.storyboard in Resources */ = {isa = PBXBuildFile; fileRef = 2ED9C4C11B6B9F3C0050E7D7 /* Main.storyboard */; };
		2ED9C4C51B6B9F3C0050E7D7 /* Assets.xcassets in Resources */ = {isa = PBXBuildFile; fileRef = 2ED9C4C41B6B9F3C0050E7D7 /* Assets.xcassets */; };
		2ED9C4C81B6B9F3C0050E7D7 /* LaunchScreen.storyboard in Resources */ = {isa = PBXBuildFile; fileRef = 2ED9C4C61B6B9F3C0050E7D7 /* LaunchScreen.storyboard */; };
		2ED9C4D01B6BA2630050E7D7 /* www in Resources */ = {isa = PBXBuildFile; fileRef = 2ED9C4CF1B6BA2630050E7D7 /* www */; };
/* End PBXBuildFile section */

/* Begin PBXFileReference section */
		2ED9C4BA1B6B9F3C0050E7D7 /* step9_javascript_to_swift_return_value.app */ = {isa = PBXFileReference; explicitFileType = wrapper.application; includeInIndex = 0; path = step9_javascript_to_swift_return_value.app; sourceTree = BUILT_PRODUCTS_DIR; };
		2ED9C4BD1B6B9F3C0050E7D7 /* AppDelegate.swift */ = {isa = PBXFileReference; lastKnownFileType = sourcecode.swift; path = AppDelegate.swift; sourceTree = "<group>"; };
		2ED9C4BF1B6B9F3C0050E7D7 /* ViewController.swift */ = {isa = PBXFileReference; lastKnownFileType = sourcecode.swift; path = ViewController.swift; sourceTree = "<group>"; };
		2ED9C4C21B6B9F3C0050E7D7 /* Base */ = {isa = PBXFileReference; lastKnownFileType = file.storyboard; name = Base; path = Base.lproj/Main.storyboard; sourceTree = "<group>"; };
		2ED9C4C41B6B9F3C0050E7D7 /* Assets.xcassets */ = {isa = PBXFileReference; lastKnownFileType = folder.assetcatalog; path = Assets.xcassets; sourceTree = "<group>"; };
		2ED9C4C71B6B9F3C0050E7D7 /* Base */ = {isa = PBXFileReference; lastKnownFileType = file.storyboard; name = Base; path = Base.lproj/LaunchScreen.storyboard; sourceTree = "<group>"; };
		2ED9C4C91B6B9F3C0050E7D7 /* Info.plist */ = {isa = PBXFileReference; lastKnownFileType = text.plist.xml; path = Info.plist; sourceTree = "<group>"; };
		2ED9C4CF1B6BA2630050E7D7 /* www */ = {isa = PBXFileReference; lastKnownFileType = folder; path = www; sourceTree = "<group>"; };
/* End PBXFileReference section */

/* Begin PBXFrameworksBuildPhase section */
		2ED9C4B71B6B9F3C0050E7D7 /* Frameworks */ = {
			isa = PBXFrameworksBuildPhase;
			buildActionMask = 2147483647;
			files = (
			);
			runOnlyForDeploymentPostprocessing = 0;
		};
/* End PBXFrameworksBuildPhase section */

/* Begin PBXGroup section */
		2ED9C4B11B6B9F3C0050E7D7 = {
			isa = PBXGroup;
			children = (
				2ED9C4BC1B6B9F3C0050E7D7 /* step9_javascript_to_swift_return_value */,
				2ED9C4BB1B6B9F3C0050E7D7 /* Products */,
			);
			sourceTree = "<group>";
		};
		2ED9C4BB1B6B9F3C0050E7D7 /* Products */ = {
			isa = PBXGroup;
			children = (
				2ED9C4BA1B6B9F3C0050E7D7 /* step9_javascript_to_swift_return_value.app */,
			);
			name = Products;
			sourceTree = "<group>";
		};
		2ED9C4BC1B6B9F3C0050E7D7 /* step9_javascript_to_swift_return_value */ = {
			isa = PBXGroup;
			children = (
				2ED9C4CF1B6BA2630050E7D7 /* www */,
				2ED9C4BD1B6B9F3C0050E7D7 /* AppDelegate.swift */,
				2ED9C4BF1B6B9F3C0050E7D7 /* ViewController.swift */,
				2ED9C4C11B6B9F3C0050E7D7 /* Main.storyboard */,
				2ED9C4C41B6B9F3C0050E7D7 /* Assets.xcassets */,
				2ED9C4C61B6B9F3C0050E7D7 /* LaunchScreen.storyboard */,
				2ED9C4C91B6B9F3C0050E7D7 /* Info.plist */,
			);
			path = step9_javascript_to_swift_return_value;
			sourceTree = "<group>";
		};
/* End PBXGroup section */

/* Begin PBXNativeTarget section */
		2ED9C4B91B6B9F3C0050E7D7 /* step9_javascript_to_swift_return_value */ = {
			isa = PBXNativeTarget;
			buildConfigurationList = 2ED9C4CC1B6B9F3C0050E7D7 /* Build configuration list for PBXNativeTarget "step9_javascript_to_swift_return_value" */;
			buildPhases = (
				2ED9C4B61B6B9F3C0050E7D7 /* Sources */,
				2ED9C4B71B6B9F3C0050E7D7 /* Frameworks */,
				2ED9C4B81B6B9F3C0050E7D7 /* Resources */,
			);
			buildRules = (
			);
			dependencies = (
			);
			name = step9_javascript_to_swift_return_value;
			productName = step9_javascript_to_swift_return_value;
			productReference = 2ED9C4BA1B6B9F3C0050E7D7 /* step9_javascript_to_swift_return_value.app */;
			productType = "com.apple.product-type.application";
		};
/* End PBXNativeTarget section */

/* Begin PBXProject section */
		2ED9C4B21B6B9F3C0050E7D7 /* Project object */ = {
			isa = PBXProject;
			attributes = {
				LastUpgradeCheck = 0700;
				ORGANIZATIONNAME = Panacloud;
				TargetAttributes = {
					2ED9C4B91B6B9F3C0050E7D7 = {
						CreatedOnToolsVersion = 7.0;
					};
				};
			};
			buildConfigurationList = 2ED9C4B51B6B9F3C0050E7D7 /* Build configuration list for PBXProject "step9_javascript_to_swift_return_value" */;
			compatibilityVersion = "Xcode 3.2";
			developmentRegion = English;
			hasScannedForEncodings = 0;
			knownRegions = (
				en,
				Base,
			);
			mainGroup = 2ED9C4B11B6B9F3C0050E7D7;
			productRefGroup = 2ED9C4BB1B6B9F3C0050E7D7 /* Products */;
			projectDirPath = "";
			projectRoot = "";
			targets = (
				2ED9C4B91B6B9F3C0050E7D7 /* step9_javascript_to_swift_return_value */,
			);
		};
/* End PBXProject section */

/* Begin PBXResourcesBuildPhase section */
		2ED9C4B81B6B9F3C0050E7D7 /* Resources */ = {
			isa = PBXResourcesBuildPhase;
			buildActionMask = 2147483647;
			files = (
				2ED9C4D01B6BA2630050E7D7 /* www in Resources */,
				2ED9C4C81B6B9F3C0050E7D7 /* LaunchScreen.storyboard in Resources */,
				2ED9C4C51B6B9F3C0050E7D7 /* Assets.xcassets in Resources */,
				2ED9C4C31B6B9F3C0050E7D7 /* Main.storyboard in Resources */,
			);
			runOnlyForDeploymentPostprocessing = 0;
		};
/* End PBXResourcesBuildPhase section */

/* Begin PBXSourcesBuildPhase section */
		2ED9C4B61B6B9F3C0050E7D7 /* Sources */ = {
			isa = PBXSourcesBuildPhase;
			buildActionMask = 2147483647;
			files = (
				2ED9C4C01B6B9F3C0050E7D7 /* ViewController.swift in Sources */,
				2ED9C4BE1B6B9F3C0050E7D7 /* AppDelegate.swift in Sources */,
			);
			runOnlyForDeploymentPostprocessing = 0;
		};
/* End PBXSourcesBuildPhase section */

/* Begin PBXVariantGroup section */
		2ED9C4C11B6B9F3C0050E7D7 /* Main.storyboard */ = {
			isa = PBXVariantGroup;
			children = (
				2ED9C4C21B6B9F3C0050E7D7 /* Base */,
			);
			name = Main.storyboard;
			sourceTree = "<group>";
		};
		2ED9C4C61B6B9F3C0050E7D7 /* LaunchScreen.storyboard */ = {
			isa = PBXVariantGroup;
			children = (
				2ED9C4C71B6B9F3C0050E7D7 /* Base */,
			);
			name = LaunchScreen.storyboard;
			sourceTree = "<group>";
		};
/* End PBXVariantGroup section */

/* Begin XCBuildConfiguration section */
		2ED9C4CA1B6B9F3C0050E7D7 /* Debug */ = {
			isa = XCBuildConfiguration;
			buildSettings = {
				ALWAYS_SEARCH_USER_PATHS = NO;
				CLANG_CXX_LANGUAGE_STANDARD = "gnu++0x";
				CLANG_CXX_LIBRARY = "libc++";
				CLANG_ENABLE_MODULES = YES;
				CLANG_ENABLE_OBJC_ARC = YES;
				CLANG_WARN_BOOL_CONVERSION = YES;
				CLANG_WARN_CONSTANT_CONVERSION = YES;
				CLANG_WARN_DIRECT_OBJC_ISA_USAGE = YES_ERROR;
				CLANG_WARN_EMPTY_BODY = YES;
				CLANG_WARN_ENUM_CONVERSION = YES;
				CLANG_WARN_INT_CONVERSION = YES;
				CLANG_WARN_OBJC_ROOT_CLASS = YES_ERROR;
				CLANG_WARN_UNREACHABLE_CODE = YES;
				CLANG_WARN__DUPLICATE_METHOD_MATCH = YES;
				"CODE_SIGN_IDENTITY[sdk=iphoneos*]" = "iPhone Developer";
				COPY_PHASE_STRIP = NO;
				DEBUG_INFORMATION_FORMAT = dwarf;
				ENABLE_STRICT_OBJC_MSGSEND = YES;
				ENABLE_TESTABILITY = YES;
				GCC_C_LANGUAGE_STANDARD = gnu99;
				GCC_DYNAMIC_NO_PIC = NO;
				GCC_NO_COMMON_BLOCKS = YES;
				GCC_OPTIMIZATION_LEVEL = 0;
				GCC_PREPROCESSOR_DEFINITIONS = (
					"DEBUG=1",
					"$(inherited)",
				);
				GCC_WARN_64_TO_32_BIT_CONVERSION = YES;
				GCC_WARN_ABOUT_RETURN_TYPE = YES_ERROR;
				GCC_WARN_UNDECLARED_SELECTOR = YES;
				GCC_WARN_UNINITIALIZED_AUTOS = YES_AGGRESSIVE;
				GCC_WARN_UNUSED_FUNCTION = YES;
				GCC_WARN_UNUSED_VARIABLE = YES;
				IPHONEOS_DEPLOYMENT_TARGET = 9.0;
				MTL_ENABLE_DEBUG_INFO = YES;
				ONLY_ACTIVE_ARCH = YES;
				SDKROOT = iphoneos;
				SWIFT_OPTIMIZATION_LEVEL = "-Onone";
				TARGETED_DEVICE_FAMILY = "1,2";
			};
			name = Debug;
		};
		2ED9C4CB1B6B9F3C0050E7D7 /* Release */ = {
			isa = XCBuildConfiguration;
			buildSettings = {
				ALWAYS_SEARCH_USER_PATHS = NO;
				CLANG_CXX_LANGUAGE_STANDARD = "gnu++0x";
				CLANG_CXX_LIBRARY = "libc++";
				CLANG_ENABLE_MODULES = YES;
				CLANG_ENABLE_OBJC_ARC = YES;
				CLANG_WARN_BOOL_CONVERSION = YES;
				CLANG_WARN_CONSTANT_CONVERSION = YES;
				CLANG_WARN_DIRECT_OBJC_ISA_USAGE = YES_ERROR;
				CLANG_WARN_EMPTY_BODY = YES;
				CLANG_WARN_ENUM_CONVERSION = YES;
				CLANG_WARN_INT_CONVERSION = YES;
				CLANG_WARN_OBJC_ROOT_CLASS = YES_ERROR;
				CLANG_WARN_UNREACHABLE_CODE = YES;
				CLANG_WARN__DUPLICATE_METHOD_MATCH = YES;
				"CODE_SIGN_IDENTITY[sdk=iphoneos*]" = "iPhone Developer";
				COPY_PHASE_STRIP = NO;
				DEBUG_INFORMATION_FORMAT = "dwarf-with-dsym";
				ENABLE_NS_ASSERTIONS = NO;
				ENABLE_STRICT_OBJC_MSGSEND = YES;
				GCC_C_LANGUAGE_STANDARD = gnu99;
				GCC_NO_COMMON_BLOCKS = YES;
				GCC_WARN_64_TO_32_BIT_CONVERSION = YES;
				GCC_WARN_ABOUT_RETURN_TYPE = YES_ERROR;
				GCC_WARN_UNDECLARED_SELECTOR = YES;
				GCC_WARN_UNINITIALIZED_AUTOS = YES_AGGRESSIVE;
				GCC_WARN_UNUSED_FUNCTION = YES;
				GCC_WARN_UNUSED_VARIABLE = YES;
				IPHONEOS_DEPLOYMENT_TARGET = 9.0;
				MTL_ENABLE_DEBUG_INFO = NO;
				SDKROOT = iphoneos;
				TARGETED_DEVICE_FAMILY = "1,2";
				VALIDATE_PRODUCT = YES;
			};
			name = Release;
		};
		2ED9C4CD1B6B9F3C0050E7D7 /* Debug */ = {
			isa = XCBuildConfiguration;
			buildSettings = {
				ASSETCATALOG_COMPILER_APPICON_NAME = AppIcon;
				INFOPLIST_FILE = step9_javascript_to_swift_return_value/Info.plist;
				LD_RUNPATH_SEARCH_PATHS = "$(inherited) @executable_path/Frameworks";
				PRODUCT_BUNDLE_IDENTIFIER = "com.panacloud.step9-javascript-to-swift-return-value";
				PRODUCT_NAME = "$(TARGET_NAME)";
			};
			name = Debug;
		};
		2ED9C4CE1B6B9F3C0050E7D7 /* Release */ = {
			isa = XCBuildConfiguration;
			buildSettings = {
				ASSETCATALOG_COMPILER_APPICON_NAME = AppIcon;
				INFOPLIST_FILE = step9_javascript_to_swift_return_value/Info.plist;
				LD_RUNPATH_SEARCH_PATHS = "$(inherited) @executable_path/Frameworks";
				PRODUCT_BUNDLE_IDENTIFIER = "com.panacloud.step9-javascript-to-swift-return-value";
				PRODUCT_NAME = "$(TARGET_NAME)";
			};
			name = Release;
		};
/* End XCBuildConfiguration section */

/* Begin XCConfigurationList section */
		2ED9C4B51B6B9F3C0050E7D7 /* Build configuration list for PBXProject "step9_javascript_to_swift_return_value" */ = {
			isa = XCConfigurationList;
			buildConfigurations = (
				2ED9C4CA1B6B9F3C0050E7D7 /* Debug */,
				2ED9C4CB1B6B9F3C0050E7D7 /* Release */,
			);
			defaultConfigurationIsVisible = 0;
			defaultConfigurationName = Release;
		};
		2ED9C4CC1B6B9F3C0050E7D7 /* Build configuration list for PBXNativeTarget "step9_javascript_to_swift_return_value" */ = {
			isa = XCConfigurationList;
			buildConfigurations = (
				2ED9C4CD1B6B9F3C0050E7D7 /* Debug */,
				2ED9C4CE1B6B9F3C0050E7D7 /* Release */,
			);
			defaultConfigurationIsVisible = 0;
		};
/* End XCConfigurationList section */
	};
	rootObject = 2ED9C4B21B6B9F3C0050E7D7 /* Project object */;
}
